
Microsoft Visual Studio Solution File, Format Version 12.00
# Visual Studio Version 16
VisualStudioVersion = 16.0.31005.135
MinimumVisualStudioVersion = 10.0.40219.1
Project("{FAE04EC0-301F-11D3-BF4B-00C04F79EFBC}") = "Skat.Extensions", "Skat.Extensions\Skat.Extensions.csproj", "{E3B551DF-D32D-4BF2-A1E5-9871697A95C6}"
EndProject
Project("{FAE04EC0-301F-11D3-BF4B-00C04F79EFBC}") = "Skat.Extensions.Tests", "Skat.Extensions.Tests\Skat.Extensions.Tests.csproj", "{8AA79600-FD0E-431C-9BFE-E7CFC0A1D7BA}"
EndProject
Global
	GlobalSection(SolutionConfigurationPlatforms) = preSolution
		Debug|Any CPU = Debug|Any CPU
		Release|Any CPU = Release|Any CPU
	EndGlobalSection
	GlobalSection(ProjectConfigurationPlatforms) = postSolution
		{E3B551DF-D32D-4BF2-A1E5-9871697A95C6}.Debug|Any CPU.ActiveCfg = Debug|Any CPU
		{E3B551DF-D32D-4BF2-A1E5-9871697A95C6}.Debug|Any CPU.Build.0 = Debug|Any CPU
		{E3B551DF-D32D-4BF2-A1E5-9871697A95C6}.Release|Any CPU.ActiveCfg = Release|Any CPU
		{E3B551DF-D32D-4BF2-A1E5-9871697A95C6}.Release|Any CPU.Build.0 = Release|Any CPU
		{8AA79600-FD0E-431C-9BFE-E7CFC0A1D7BA}.Debug|Any CPU.ActiveCfg = Debug|Any CPU
		{8AA79600-FD0E-431C-9BFE-E7CFC0A1D7BA}.Debug|Any CPU.Build.0 = Debug|Any CPU
		{8AA79600-FD0E-431C-9BFE-E7CFC0A1D7BA}.Release|Any CPU.ActiveCfg = Release|Any CPU
		{8AA79600-FD0E-431C-9BFE-E7CFC0A1D7BA}.Release|Any CPU.Build.0 = Release|Any CPU
	EndGlobalSection
	GlobalSection(SolutionProperties) = preSolution
		HideSolutionNode = FALSE
	EndGlobalSection
	GlobalSection(ExtensibilityGlobals) = postSolution
		SolutionGuid = {B8423AB9-F00A-4C72-BB70-EBCB69D3C031}
	EndGlobalSection
EndGlobal
